# This file is automatically @generated by Cargo.
# It is not intended for manual editing.
version = 3

[[package]]
name = "aho-corasick"
version = "0.7.18"
source = "registry+https://github.com/rust-lang/crates.io-index"
checksum = "1e37cfd5e7657ada45f742d6e99ca5788580b5c529dc78faf11ece6dc702656f"
dependencies = [
 "memchr",
]

[[package]]
name = "async-trait"
version = "0.1.51"
source = "registry+https://github.com/rust-lang/crates.io-index"
checksum = "44318e776df68115a881de9a8fd1b9e53368d7a4a5ce4cc48517da3393233a5e"
dependencies = [
 "proc-macro2",
 "quote",
 "syn",
]

[[package]]
name = "atty"
version = "0.2.14"
source = "registry+https://github.com/rust-lang/crates.io-index"
checksum = "d9b39be18770d11421cdb1b9947a45dd3f37e93092cbf377614828a319d5fee8"
dependencies = [
 "hermit-abi",
 "libc",
 "winapi",
]

[[package]]
name = "autocfg"
version = "1.0.1"
source = "registry+https://github.com/rust-lang/crates.io-index"
checksum = "cdb031dd78e28731d87d56cc8ffef4a8f36ca26c38fe2de700543e627f8a464a"

[[package]]
name = "axum"
version = "0.3.2"
source = "registry+https://github.com/rust-lang/crates.io-index"
checksum = "c5e874ee652f2ec443faed3073b80f0ac7a2042a3605fc0704d28bbbf22d623c"
dependencies = [
 "async-trait",
 "bitflags",
 "bytes",
 "futures-util",
 "http",
 "http-body",
 "hyper",
 "matchit",
 "mime",
 "percent-encoding",
 "pin-project-lite",
 "serde",
 "serde_json",
 "serde_urlencoded",
 "sync_wrapper",
 "tokio",
 "tokio-util",
 "tower",
 "tower-http",
 "tower-layer",
 "tower-service",
]

[[package]]
name = "bitflags"
version = "1.3.2"
source = "registry+https://github.com/rust-lang/crates.io-index"
checksum = "bef38d45163c2f1dde094a7dfd33ccf595c92905c8f8f4fdc18d06fb1037718a"

[[package]]
name = "bytes"
version = "1.1.0"
source = "registry+https://github.com/rust-lang/crates.io-index"
checksum = "c4872d67bab6358e59559027aa3b9157c53d9358c51423c17554809a8858e0f8"

[[package]]
name = "cfg-if"
version = "1.0.0"
source = "registry+https://github.com/rust-lang/crates.io-index"
checksum = "baf1de4339761588bc0619e3cbc0120ee582ebb74b53b4efbf79117bd2da40fd"

[[package]]
name = "clap"
version = "3.0.0-beta.5"
source = "registry+https://github.com/rust-lang/crates.io-index"
checksum = "feff3878564edb93745d58cf63e17b63f24142506e7a20c87a5521ed7bfb1d63"
dependencies = [
 "atty",
 "bitflags",
 "clap_derive",
 "indexmap",
 "lazy_static",
 "os_str_bytes",
 "strsim",
 "termcolor",
 "textwrap",
 "unicase",
]

[[package]]
name = "clap_derive"
version = "3.0.0-beta.5"
source = "registry+https://github.com/rust-lang/crates.io-index"
checksum = "8b15c6b4f786ffb6192ffe65a36855bc1fc2444bcd0945ae16748dcd6ed7d0d3"
dependencies = [
 "heck",
 "proc-macro-error",
 "proc-macro2",
 "quote",
 "syn",
]

[[package]]
name = "env_logger"
version = "0.9.0"
source = "registry+https://github.com/rust-lang/crates.io-index"
checksum = "0b2cf0344971ee6c64c31be0d530793fba457d322dfec2810c453d0ef228f9c3"
dependencies = [
 "atty",
 "humantime",
 "log",
 "regex",
 "termcolor",
]

[[package]]
name = "fnv"
version = "1.0.7"
source = "registry+https://github.com/rust-lang/crates.io-index"
checksum = "3f9eec918d3f24069decb9af1554cad7c880e2da24a9afd88aca000531ab82c1"

[[package]]
name = "form_urlencoded"
version = "1.0.1"
source = "registry+https://github.com/rust-lang/crates.io-index"
checksum = "5fc25a87fa4fd2094bffb06925852034d90a17f0d1e05197d4956d3555752191"
dependencies = [
 "matches",
 "percent-encoding",
]

[[package]]
name = "futures-channel"
version = "0.3.17"
source = "registry+https://github.com/rust-lang/crates.io-index"
checksum = "5da6ba8c3bb3c165d3c7319fc1cc8304facf1fb8db99c5de877183c08a273888"
dependencies = [
 "futures-core",
]

[[package]]
name = "futures-core"
version = "0.3.17"
source = "registry+https://github.com/rust-lang/crates.io-index"
checksum = "88d1c26957f23603395cd326b0ffe64124b818f4449552f960d815cfba83a53d"

[[package]]
name = "futures-sink"
version = "0.3.17"
source = "registry+https://github.com/rust-lang/crates.io-index"
checksum = "36ea153c13024fe480590b3e3d4cad89a0cfacecc24577b68f86c6ced9c2bc11"

[[package]]
name = "futures-task"
version = "0.3.17"
source = "registry+https://github.com/rust-lang/crates.io-index"
checksum = "1d3d00f4eddb73e498a54394f228cd55853bdf059259e8e7bc6e69d408892e99"

[[package]]
name = "futures-util"
version = "0.3.17"
source = "registry+https://github.com/rust-lang/crates.io-index"
checksum = "36568465210a3a6ee45e1f165136d68671471a501e632e9a98d96872222b5481"
dependencies = [
 "autocfg",
 "futures-core",
 "futures-task",
 "pin-project-lite",
 "pin-utils",
]

[[package]]
name = "hashbrown"
version = "0.11.2"
source = "registry+https://github.com/rust-lang/crates.io-index"
checksum = "ab5ef0d4909ef3724cc8cce6ccc8572c5c817592e9285f5464f8e86f8bd3726e"

[[package]]
name = "heck"
version = "0.3.3"
source = "registry+https://github.com/rust-lang/crates.io-index"
checksum = "6d621efb26863f0e9924c6ac577e8275e5e6b77455db64ffa6c65c904e9e132c"
dependencies = [
 "unicode-segmentation",
]

[[package]]
name = "hermit-abi"
version = "0.1.19"
source = "registry+https://github.com/rust-lang/crates.io-index"
checksum = "62b467343b94ba476dcb2500d242dadbb39557df889310ac77c5d99100aaac33"
dependencies = [
 "libc",
]

[[package]]
name = "http"
version = "0.2.5"
source = "registry+https://github.com/rust-lang/crates.io-index"
checksum = "1323096b05d41827dadeaee54c9981958c0f94e670bc94ed80037d1a7b8b186b"
dependencies = [
 "bytes",
 "fnv",
 "itoa",
]

[[package]]
name = "http-body"
version = "0.4.4"
source = "registry+https://github.com/rust-lang/crates.io-index"
checksum = "1ff4f84919677303da5f147645dbea6b1881f368d03ac84e1dc09031ebd7b2c6"
dependencies = [
 "bytes",
 "http",
 "pin-project-lite",
]

[[package]]
name = "httparse"
version = "1.5.1"
source = "registry+https://github.com/rust-lang/crates.io-index"
checksum = "acd94fdbe1d4ff688b67b04eee2e17bd50995534a61539e45adfefb45e5e5503"

[[package]]
name = "httpdate"
version = "1.0.1"
source = "registry+https://github.com/rust-lang/crates.io-index"
checksum = "6456b8a6c8f33fee7d958fcd1b60d55b11940a79e63ae87013e6d22e26034440"

[[package]]
name = "humantime"
version = "2.1.0"
source = "registry+https://github.com/rust-lang/crates.io-index"
checksum = "9a3a5bfb195931eeb336b2a7b4d761daec841b97f947d34394601737a7bba5e4"

[[package]]
name = "hyper"
version = "0.14.14"
source = "registry+https://github.com/rust-lang/crates.io-index"
checksum = "2b91bb1f221b6ea1f1e4371216b70f40748774c2fb5971b450c07773fb92d26b"
dependencies = [
 "bytes",
 "futures-channel",
 "futures-core",
 "futures-util",
 "http",
 "http-body",
 "httparse",
 "httpdate",
 "itoa",
 "pin-project-lite",
 "socket2",
 "tokio",
 "tower-service",
 "tracing",
 "want",
]

[[package]]
name = "indexmap"
version = "1.7.0"
source = "registry+https://github.com/rust-lang/crates.io-index"
checksum = "bc633605454125dec4b66843673f01c7df2b89479b32e0ed634e43a91cff62a5"
dependencies = [
 "autocfg",
 "hashbrown",
]

[[package]]
name = "itoa"
version = "0.4.8"
source = "registry+https://github.com/rust-lang/crates.io-index"
checksum = "b71991ff56294aa922b450139ee08b3bfc70982c6b2c7562771375cf73542dd4"

[[package]]
name = "lazy_static"
version = "1.4.0"
source = "registry+https://github.com/rust-lang/crates.io-index"
checksum = "e2abad23fbc42b3700f2f279844dc832adb2b2eb069b2df918f455c4e18cc646"

[[package]]
name = "libc"
version = "0.2.107"
source = "registry+https://github.com/rust-lang/crates.io-index"
checksum = "fbe5e23404da5b4f555ef85ebed98fb4083e55a00c317800bc2a50ede9f3d219"

[[package]]
name = "log"
version = "0.4.14"
source = "registry+https://github.com/rust-lang/crates.io-index"
checksum = "51b9bbe6c47d51fc3e1a9b945965946b4c44142ab8792c50835a980d362c2710"
dependencies = [
 "cfg-if",
]

[[package]]
name = "matches"
version = "0.1.9"
source = "registry+https://github.com/rust-lang/crates.io-index"
checksum = "a3e378b66a060d48947b590737b30a1be76706c8dd7b8ba0f2fe3989c68a853f"

[[package]]
name = "matchit"
version = "0.4.4"
source = "registry+https://github.com/rust-lang/crates.io-index"
checksum = "58b6f41fdfbec185dd3dff58b51e323f5bc61692c0de38419a957b0dcfccca3c"

[[package]]
name = "memchr"
version = "2.4.1"
source = "registry+https://github.com/rust-lang/crates.io-index"
checksum = "308cc39be01b73d0d18f82a0e7b2a3df85245f84af96fdddc5d202d27e47b86a"

[[package]]
name = "mime"
version = "0.3.16"
source = "registry+https://github.com/rust-lang/crates.io-index"
checksum = "2a60c7ce501c71e03a9c9c0d35b861413ae925bd979cc7a4e30d060069aaac8d"

[[package]]
name = "mio"
version = "0.7.14"
source = "registry+https://github.com/rust-lang/crates.io-index"
checksum = "8067b404fe97c70829f082dec8bcf4f71225d7eaea1d8645349cb76fa06205cc"
dependencies = [
 "libc",
 "log",
 "miow",
 "ntapi",
 "winapi",
]

[[package]]
name = "miow"
version = "0.3.7"
source = "registry+https://github.com/rust-lang/crates.io-index"
checksum = "b9f1c5b025cda876f66ef43a113f91ebc9f4ccef34843000e0adf6ebbab84e21"
dependencies = [
 "winapi",
]

[[package]]
name = "ntapi"
version = "0.3.6"
source = "registry+https://github.com/rust-lang/crates.io-index"
checksum = "3f6bb902e437b6d86e03cce10a7e2af662292c5dfef23b65899ea3ac9354ad44"
dependencies = [
 "winapi",
]

[[package]]
name = "num_cpus"
version = "1.13.0"
source = "registry+https://github.com/rust-lang/crates.io-index"
checksum = "05499f3756671c15885fee9034446956fff3f243d6077b91e5767df161f766b3"
dependencies = [
 "hermit-abi",
 "libc",
]

[[package]]
name = "os_str_bytes"
version = "4.2.0"
source = "registry+https://github.com/rust-lang/crates.io-index"
checksum = "addaa943333a514159c80c97ff4a93306530d965d27e139188283cd13e06a799"
dependencies = [
 "memchr",
]

[[package]]
name = "percent-encoding"
version = "2.1.0"
source = "registry+https://github.com/rust-lang/crates.io-index"
checksum = "d4fd5641d01c8f18a23da7b6fe29298ff4b55afcccdf78973b24cf3175fee32e"

[[package]]
name = "pin-project"
version = "1.0.8"
source = "registry+https://github.com/rust-lang/crates.io-index"
checksum = "576bc800220cc65dac09e99e97b08b358cfab6e17078de8dc5fee223bd2d0c08"
dependencies = [
 "pin-project-internal",
]

[[package]]
name = "pin-project-internal"
version = "1.0.8"
source = "registry+https://github.com/rust-lang/crates.io-index"
checksum = "6e8fe8163d14ce7f0cdac2e040116f22eac817edabff0be91e8aff7e9accf389"
dependencies = [
 "proc-macro2",
 "quote",
 "syn",
]

[[package]]
name = "pin-project-lite"
version = "0.2.7"
source = "registry+https://github.com/rust-lang/crates.io-index"
checksum = "8d31d11c69a6b52a174b42bdc0c30e5e11670f90788b2c471c31c1d17d449443"

[[package]]
name = "pin-utils"
version = "0.1.0"
source = "registry+https://github.com/rust-lang/crates.io-index"
checksum = "8b870d8c151b6f2fb93e84a13146138f05d02ed11c7e7c54f8826aaaf7c9f184"

[[package]]
name = "proc-macro-error"
version = "1.0.4"
source = "registry+https://github.com/rust-lang/crates.io-index"
checksum = "da25490ff9892aab3fcf7c36f08cfb902dd3e71ca0f9f9517bea02a73a5ce38c"
dependencies = [
 "proc-macro-error-attr",
 "proc-macro2",
 "quote",
 "syn",
 "version_check",
]

[[package]]
name = "proc-macro-error-attr"
version = "1.0.4"
source = "registry+https://github.com/rust-lang/crates.io-index"
checksum = "a1be40180e52ecc98ad80b184934baf3d0d29f979574e439af5a55274b35f869"
dependencies = [
 "proc-macro2",
 "quote",
 "version_check",
]

[[package]]
name = "proc-macro2"
version = "1.0.32"
source = "registry+https://github.com/rust-lang/crates.io-index"
checksum = "ba508cc11742c0dc5c1659771673afbab7a0efab23aa17e854cbab0837ed0b43"
dependencies = [
 "unicode-xid",
]

[[package]]
name = "quote"
version = "1.0.10"
source = "registry+https://github.com/rust-lang/crates.io-index"
checksum = "38bc8cc6a5f2e3655e0899c1b848643b2562f853f114bfec7be120678e3ace05"
dependencies = [
 "proc-macro2",
]

[[package]]
name = "regex"
version = "1.5.4"
source = "registry+https://github.com/rust-lang/crates.io-index"
checksum = "d07a8629359eb56f1e2fb1652bb04212c072a87ba68546a04065d525673ac461"
dependencies = [
 "aho-corasick",
 "memchr",
 "regex-syntax",
]

[[package]]
name = "regex-syntax"
version = "0.6.25"
source = "registry+https://github.com/rust-lang/crates.io-index"
checksum = "f497285884f3fcff424ffc933e56d7cbca511def0c9831a7f9b5f6153e3cc89b"

[[package]]
name = "ryu"
version = "1.0.5"
source = "registry+https://github.com/rust-lang/crates.io-index"
checksum = "71d301d4193d031abdd79ff7e3dd721168a9572ef3fe51a1517aba235bd8f86e"

[[package]]
name = "serde"
version = "1.0.130"
source = "registry+https://github.com/rust-lang/crates.io-index"
checksum = "f12d06de37cf59146fbdecab66aa99f9fe4f78722e3607577a5375d66bd0c913"
dependencies = [
 "serde_derive",
]

[[package]]
name = "serde_derive"
version = "1.0.130"
source = "registry+https://github.com/rust-lang/crates.io-index"
checksum = "d7bc1a1ab1961464eae040d96713baa5a724a8152c1222492465b54322ec508b"
dependencies = [
 "proc-macro2",
 "quote",
 "syn",
]

[[package]]
name = "serde_json"
version = "1.0.69"
source = "registry+https://github.com/rust-lang/crates.io-index"
checksum = "e466864e431129c7e0d3476b92f20458e5879919a0596c6472738d9fa2d342f8"
dependencies = [
 "itoa",
 "ryu",
 "serde",
]

[[package]]
name = "serde_urlencoded"
version = "0.7.0"
source = "registry+https://github.com/rust-lang/crates.io-index"
checksum = "edfa57a7f8d9c1d260a549e7224100f6c43d43f9103e06dd8b4095a9b2b43ce9"
dependencies = [
 "form_urlencoded",
 "itoa",
 "ryu",
 "serde",
]

[[package]]
name = "socket2"
version = "0.4.2"
source = "registry+https://github.com/rust-lang/crates.io-index"
checksum = "5dc90fe6c7be1a323296982db1836d1ea9e47b6839496dde9a541bc496df3516"
dependencies = [
 "libc",
 "winapi",
]

[[package]]
name = "spawner-sidecar"
version = "0.1.0"
dependencies = [
 "axum",
 "clap",
 "env_logger",
 "log",
 "serde",
 "serde_json",
 "tokio",
]

[[package]]
name = "strsim"
version = "0.10.0"
source = "registry+https://github.com/rust-lang/crates.io-index"
checksum = "73473c0e59e6d5812c5dfe2a064a6444949f089e20eec9a2e5506596494e4623"

[[package]]
name = "syn"
version = "1.0.81"
source = "registry+https://github.com/rust-lang/crates.io-index"
checksum = "f2afee18b8beb5a596ecb4a2dce128c719b4ba399d34126b9e4396e3f9860966"
dependencies = [
 "proc-macro2",
 "quote",
 "unicode-xid",
]

[[package]]
name = "sync_wrapper"
version = "0.1.1"
source = "registry+https://github.com/rust-lang/crates.io-index"
checksum = "20518fe4a4c9acf048008599e464deb21beeae3d3578418951a189c235a7a9a8"

[[package]]
name = "termcolor"
version = "1.1.2"
source = "registry+https://github.com/rust-lang/crates.io-index"
checksum = "2dfed899f0eb03f32ee8c6a0aabdb8a7949659e3466561fc0adf54e26d88c5f4"
dependencies = [
 "winapi-util",
]

[[package]]
name = "textwrap"
version = "0.14.2"
source = "registry+https://github.com/rust-lang/crates.io-index"
checksum = "0066c8d12af8b5acd21e00547c3797fde4e8677254a7ee429176ccebbe93dd80"
dependencies = [
 "unicode-width",
]

[[package]]
name = "tokio"
version = "1.13.0"
source = "registry+https://github.com/rust-lang/crates.io-index"
checksum = "588b2d10a336da58d877567cd8fb8a14b463e2104910f8132cd054b4b96e29ee"
dependencies = [
 "autocfg",
 "libc",
 "mio",
 "num_cpus",
 "pin-project-lite",
 "tokio-macros",
 "winapi",
]

[[package]]
name = "tokio-macros"
version = "1.5.1"
source = "registry+https://github.com/rust-lang/crates.io-index"
checksum = "114383b041aa6212c579467afa0075fbbdd0718de036100bc0ba7961d8cb9095"
dependencies = [
 "proc-macro2",
 "quote",
 "syn",
]

[[package]]
name = "tokio-util"
version = "0.6.9"
source = "registry+https://github.com/rust-lang/crates.io-index"
checksum = "9e99e1983e5d376cd8eb4b66604d2e99e79f5bd988c3055891dcd8c9e2604cc0"
dependencies = [
 "bytes",
 "futures-core",
 "futures-sink",
 "log",
 "pin-project-lite",
 "tokio",
]

[[package]]
name = "tower"
version = "0.4.10"
source = "registry+https://github.com/rust-lang/crates.io-index"
checksum = "c00e500fff5fa1131c866b246041a6bf96da9c965f8fe4128cb1421f23e93c00"
dependencies = [
 "futures-core",
 "futures-util",
 "pin-project",
 "pin-project-lite",
 "tokio",
 "tokio-util",
 "tower-layer",
 "tower-service",
 "tracing",
]

[[package]]
name = "tower-http"
version = "0.1.1"
source = "registry+https://github.com/rust-lang/crates.io-index"
checksum = "0b7b56efe69aa0ad2b5da6b942e57ea9f6fe683b7a314d4ff48662e2c8838de1"
dependencies = [
 "bytes",
 "futures-core",
 "futures-util",
 "http",
 "http-body",
 "pin-project",
 "tower-layer",
 "tower-service",
]

[[package]]
name = "tower-layer"
version = "0.3.1"
source = "registry+https://github.com/rust-lang/crates.io-index"
checksum = "343bc9466d3fe6b0f960ef45960509f84480bf4fd96f92901afe7ff3df9d3a62"

[[package]]
name = "tower-service"
version = "0.3.1"
source = "registry+https://github.com/rust-lang/crates.io-index"
checksum = "360dfd1d6d30e05fda32ace2c8c70e9c0a9da713275777f5a4dbb8a1893930c6"

[[package]]
name = "tracing"
version = "0.1.29"
source = "registry+https://github.com/rust-lang/crates.io-index"
checksum = "375a639232caf30edfc78e8d89b2d4c375515393e7af7e16f01cd96917fb2105"
dependencies = [
 "cfg-if",
 "log",
 "pin-project-lite",
 "tracing-attributes",
 "tracing-core",
]

[[package]]
name = "tracing-attributes"
version = "0.1.18"
source = "registry+https://github.com/rust-lang/crates.io-index"
checksum = "f4f480b8f81512e825f337ad51e94c1eb5d3bbdf2b363dcd01e2b19a9ffe3f8e"
dependencies = [
 "proc-macro2",
 "quote",
 "syn",
]

[[package]]
name = "tracing-core"
version = "0.1.21"
source = "registry+https://github.com/rust-lang/crates.io-index"
checksum = "1f4ed65637b8390770814083d20756f87bfa2c21bf2f110babdc5438351746e4"
dependencies = [
 "lazy_static",
]

[[package]]
name = "try-lock"
version = "0.2.3"
source = "registry+https://github.com/rust-lang/crates.io-index"
checksum = "59547bce71d9c38b83d9c0e92b6066c4253371f15005def0c30d9657f50c7642"

[[package]]
name = "unicase"
version = "2.6.0"
source = "registry+https://github.com/rust-lang/crates.io-index"
checksum = "50f37be617794602aabbeee0be4f259dc1778fabe05e2d67ee8f79326d5cb4f6"
dependencies = [
 "version_check",
]

[[package]]
name = "unicode-segmentation"
version = "1.8.0"
source = "registry+https://github.com/rust-lang/crates.io-index"
checksum = "8895849a949e7845e06bd6dc1aa51731a103c42707010a5b591c0038fb73385b"

[[package]]
name = "unicode-width"
version = "0.1.9"
source = "registry+https://github.com/rust-lang/crates.io-index"
checksum = "3ed742d4ea2bd1176e236172c8429aaf54486e7ac098db29ffe6529e0ce50973"

[[package]]
name = "unicode-xid"
version = "0.2.2"
source = "registry+https://github.com/rust-lang/crates.io-index"
checksum = "8ccb82d61f80a663efe1f787a51b16b5a51e3314d6ac365b08639f52387b33f3"

[[package]]
name = "version_check"
version = "0.9.3"
source = "registry+https://github.com/rust-lang/crates.io-index"
checksum = "5fecdca9a5291cc2b8dcf7dc02453fee791a280f3743cb0905f8822ae463b3fe"

[[package]]
name = "want"
version = "0.3.0"
source = "registry+https://github.com/rust-lang/crates.io-index"
checksum = "1ce8a968cb1cd110d136ff8b819a556d6fb6d919363c61534f6860c7eb172ba0"
dependencies = [
 "log",
 "try-lock",
]

[[package]]
name = "winapi"
version = "0.3.9"
source = "registry+https://github.com/rust-lang/crates.io-index"
checksum = "5c839a674fcd7a98952e593242ea400abe93992746761e38641405d28b00f419"
dependencies = [
 "winapi-i686-pc-windows-gnu",
 "winapi-x86_64-pc-windows-gnu",
]

[[package]]
name = "winapi-i686-pc-windows-gnu"
version = "0.4.0"
source = "registry+https://github.com/rust-lang/crates.io-index"
checksum = "ac3b87c63620426dd9b991e5ce0329eff545bccbbb34f3be09ff6fb6ab51b7b6"

[[package]]
name = "winapi-util"
version = "0.1.5"
source = "registry+https://github.com/rust-lang/crates.io-index"
checksum = "70ec6ce85bb158151cae5e5c87f95a8e97d2c0c4b001223f33a334e3ce5de178"
dependencies = [
 "winapi",
]

[[package]]
name = "winapi-x86_64-pc-windows-gnu"
version = "0.4.0"
source = "registry+https://github.com/rust-lang/crates.io-index"
checksum = "712e227841d057c1ee1cd2fb22fa7e5a5461ae8e48fa2ca79ec42cfc1931183f"
